// !$*UTF8*$!
{
	archiveVersion = 1;
	classes = {
	};
	objectVersion = 51;
	objects = {

/* Begin PBXBuildFile section */
		0FDC307FAF8412BF60A050D6 /* Pods_yekeTests.framework in Frameworks */ = {isa = PBXBuildFile; fileRef = 5719AFFD565555281E8664B2 /* Pods_yekeTests.framework */; };
		198547E3255DB4940083EC5D /* AppDelegate.swift in Sources */ = {isa = PBXBuildFile; fileRef = 198547E2255DB4940083EC5D /* AppDelegate.swift */; };
		198547EC255DB4950083EC5D /* Assets.xcassets in Resources */ = {isa = PBXBuildFile; fileRef = 198547EB255DB4950083EC5D /* Assets.xcassets */; };
		198547EF255DB4950083EC5D /* Preview Assets.xcassets in Resources */ = {isa = PBXBuildFile; fileRef = 198547EE255DB4950083EC5D /* Preview Assets.xcassets */; };
		198547F2255DB4950083EC5D /* LaunchScreen.storyboard in Resources */ = {isa = PBXBuildFile; fileRef = 198547F0255DB4950083EC5D /* LaunchScreen.storyboard */; };
		198547FD255DB4950083EC5D /* yekeTests.swift in Sources */ = {isa = PBXBuildFile; fileRef = 198547FC255DB4950083EC5D /* yekeTests.swift */; };
		19854808255DB4950083EC5D /* yekeUITests.swift in Sources */ = {isa = PBXBuildFile; fileRef = 19854807255DB4950083EC5D /* yekeUITests.swift */; };
		19854820255DB4B80083EC5D /* ChatView.swift in Sources */ = {isa = PBXBuildFile; fileRef = 19854819255DB4B80083EC5D /* ChatView.swift */; };
		19854821255DB4B80083EC5D /* QRGenerator.swift in Sources */ = {isa = PBXBuildFile; fileRef = 1985481A255DB4B80083EC5D /* QRGenerator.swift */; };
		19854822255DB4B80083EC5D /* ActionListView.swift in Sources */ = {isa = PBXBuildFile; fileRef = 1985481B255DB4B80083EC5D /* ActionListView.swift */; };
		19854823255DB4B80083EC5D /* ChatListView.swift in Sources */ = {isa = PBXBuildFile; fileRef = 1985481C255DB4B80083EC5D /* ChatListView.swift */; };
		19854835255DB5090083EC5D /* Session.swift in Sources */ = {isa = PBXBuildFile; fileRef = 1985482A255DB5090083EC5D /* Session.swift */; };
		19854836255DB5090083EC5D /* ChatModel.swift in Sources */ = {isa = PBXBuildFile; fileRef = 1985482B255DB5090083EC5D /* ChatModel.swift */; };
		19854837255DB5090083EC5D /* AppHelper.swift in Sources */ = {isa = PBXBuildFile; fileRef = 1985482C255DB5090083EC5D /* AppHelper.swift */; };
		19854838255DB5090083EC5D /* Array+Identifiable.swift in Sources */ = {isa = PBXBuildFile; fileRef = 1985482D255DB5090083EC5D /* Array+Identifiable.swift */; };
		19854839255DB5090083EC5D /* NetworkManager.swift in Sources */ = {isa = PBXBuildFile; fileRef = 1985482E255DB5090083EC5D /* NetworkManager.swift */; };
		1985483A255DB5090083EC5D /* CodeScanner.swift in Sources */ = {isa = PBXBuildFile; fileRef = 1985482F255DB5090083EC5D /* CodeScanner.swift */; };
		1985483C255DB5090083EC5D /* SignalRService.swift in Sources */ = {isa = PBXBuildFile; fileRef = 19854831255DB5090083EC5D /* SignalRService.swift */; };
		1985483D255DB5090083EC5D /* KeychainSwiftDistrib.swift in Sources */ = {isa = PBXBuildFile; fileRef = 19854832255DB5090083EC5D /* KeychainSwiftDistrib.swift */; };
		1985483E255DB5090083EC5D /* HubSession.swift in Sources */ = {isa = PBXBuildFile; fileRef = 19854833255DB5090083EC5D /* HubSession.swift */; };
		1985483F255DB5090083EC5D /* RestAPIResults.swift in Sources */ = {isa = PBXBuildFile; fileRef = 19854834255DB5090083EC5D /* RestAPIResults.swift */; };
		19854847255DB5100083EC5D /* ChatMessage.swift in Sources */ = {isa = PBXBuildFile; fileRef = 19854844255DB5100083EC5D /* ChatMessage.swift */; };
		19854848255DB5100083EC5D /* UserModel.swift in Sources */ = {isa = PBXBuildFile; fileRef = 19854845255DB5100083EC5D /* UserModel.swift */; };
		19854849255DB5100083EC5D /* ChatItem.swift in Sources */ = {isa = PBXBuildFile; fileRef = 19854846255DB5100083EC5D /* ChatItem.swift */; };
		19F60AF225AD45C90077D0D5 /* ContentView.swift in Sources */ = {isa = PBXBuildFile; fileRef = 19F60AF125AD45C90077D0D5 /* ContentView.swift */; };
		4B4F8E715848D84FF7D4F172 /* Pods_yeke.framework in Frameworks */ = {isa = PBXBuildFile; fileRef = 7CB36B0AEC6EA1BC3B15FD05 /* Pods_yeke.framework */; };
		8B8479D1EF44DE1E918BB545 /* Pods_yeke_yekeUITests.framework in Frameworks */ = {isa = PBXBuildFile; fileRef = 62469EBCB341C8B4BC53ADAA /* Pods_yeke_yekeUITests.framework */; };
/* End PBXBuildFile section */

/* Begin PBXContainerItemProxy section */
		198547F9255DB4950083EC5D /* PBXContainerItemProxy */ = {
			isa = PBXContainerItemProxy;
			containerPortal = 198547D7255DB4940083EC5D /* Project object */;
			proxyType = 1;
			remoteGlobalIDString = 198547DE255DB4940083EC5D;
			remoteInfo = yeke;
		};
		19854804255DB4950083EC5D /* PBXContainerItemProxy */ = {
			isa = PBXContainerItemProxy;
			containerPortal = 198547D7255DB4940083EC5D /* Project object */;
			proxyType = 1;
			remoteGlobalIDString = 198547DE255DB4940083EC5D;
			remoteInfo = yeke;
		};
/* End PBXContainerItemProxy section */

/* Begin PBXFileReference section */
		0AC94A35CFD50D1C437631F8 /* Pods-yekeTests.release.xcconfig */ = {isa = PBXFileReference; includeInIndex = 1; lastKnownFileType = text.xcconfig; name = "Pods-yekeTests.release.xcconfig"; path = "Target Support Files/Pods-yekeTests/Pods-yekeTests.release.xcconfig"; sourceTree = "<group>"; };
		198547DF255DB4940083EC5D /* yeke.app */ = {isa = PBXFileReference; explicitFileType = wrapper.application; includeInIndex = 0; path = yeke.app; sourceTree = BUILT_PRODUCTS_DIR; };
		198547E2255DB4940083EC5D /* AppDelegate.swift */ = {isa = PBXFileReference; lastKnownFileType = sourcecode.swift; path = AppDelegate.swift; sourceTree = "<group>"; };
		198547EB255DB4950083EC5D /* Assets.xcassets */ = {isa = PBXFileReference; lastKnownFileType = folder.assetcatalog; path = Assets.xcassets; sourceTree = "<group>"; };
		198547EE255DB4950083EC5D /* Preview Assets.xcassets */ = {isa = PBXFileReference; lastKnownFileType = folder.assetcatalog; path = "Preview Assets.xcassets"; sourceTree = "<group>"; };
		198547F1255DB4950083EC5D /* Base */ = {isa = PBXFileReference; lastKnownFileType = file.storyboard; name = Base; path = Base.lproj/LaunchScreen.storyboard; sourceTree = "<group>"; };
		198547F3255DB4950083EC5D /* Info.plist */ = {isa = PBXFileReference; lastKnownFileType = text.plist.xml; path = Info.plist; sourceTree = "<group>"; };
		198547F8255DB4950083EC5D /* yekeTests.xctest */ = {isa = PBXFileReference; explicitFileType = wrapper.cfbundle; includeInIndex = 0; path = yekeTests.xctest; sourceTree = BUILT_PRODUCTS_DIR; };
		198547FC255DB4950083EC5D /* yekeTests.swift */ = {isa = PBXFileReference; lastKnownFileType = sourcecode.swift; path = yekeTests.swift; sourceTree = "<group>"; };
		198547FE255DB4950083EC5D /* Info.plist */ = {isa = PBXFileReference; lastKnownFileType = text.plist.xml; path = Info.plist; sourceTree = "<group>"; };
		19854803255DB4950083EC5D /* yekeUITests.xctest */ = {isa = PBXFileReference; explicitFileType = wrapper.cfbundle; includeInIndex = 0; path = yekeUITests.xctest; sourceTree = BUILT_PRODUCTS_DIR; };
		19854807255DB4950083EC5D /* yekeUITests.swift */ = {isa = PBXFileReference; lastKnownFileType = sourcecode.swift; path = yekeUITests.swift; sourceTree = "<group>"; };
		19854809255DB4950083EC5D /* Info.plist */ = {isa = PBXFileReference; lastKnownFileType = text.plist.xml; path = Info.plist; sourceTree = "<group>"; };
		19854819255DB4B80083EC5D /* ChatView.swift */ = {isa = PBXFileReference; fileEncoding = 4; lastKnownFileType = sourcecode.swift; path = ChatView.swift; sourceTree = "<group>"; };
		1985481A255DB4B80083EC5D /* QRGenerator.swift */ = {isa = PBXFileReference; fileEncoding = 4; lastKnownFileType = sourcecode.swift; path = QRGenerator.swift; sourceTree = "<group>"; };
		1985481B255DB4B80083EC5D /* ActionListView.swift */ = {isa = PBXFileReference; fileEncoding = 4; lastKnownFileType = sourcecode.swift; path = ActionListView.swift; sourceTree = "<group>"; };
		1985481C255DB4B80083EC5D /* ChatListView.swift */ = {isa = PBXFileReference; fileEncoding = 4; lastKnownFileType = sourcecode.swift; path = ChatListView.swift; sourceTree = "<group>"; };
		1985482A255DB5090083EC5D /* Session.swift */ = {isa = PBXFileReference; fileEncoding = 4; lastKnownFileType = sourcecode.swift; path = Session.swift; sourceTree = "<group>"; };
		1985482B255DB5090083EC5D /* ChatModel.swift */ = {isa = PBXFileReference; fileEncoding = 4; lastKnownFileType = sourcecode.swift; path = ChatModel.swift; sourceTree = "<group>"; };
		1985482C255DB5090083EC5D /* AppHelper.swift */ = {isa = PBXFileReference; fileEncoding = 4; lastKnownFileType = sourcecode.swift; path = AppHelper.swift; sourceTree = "<group>"; };
		1985482D255DB5090083EC5D /* Array+Identifiable.swift */ = {isa = PBXFileReference; fileEncoding = 4; lastKnownFileType = sourcecode.swift; path = "Array+Identifiable.swift"; sourceTree = "<group>"; };
		1985482E255DB5090083EC5D /* NetworkManager.swift */ = {isa = PBXFileReference; fileEncoding = 4; lastKnownFileType = sourcecode.swift; path = NetworkManager.swift; sourceTree = "<group>"; };
		1985482F255DB5090083EC5D /* CodeScanner.swift */ = {isa = PBXFileReference; fileEncoding = 4; lastKnownFileType = sourcecode.swift; path = CodeScanner.swift; sourceTree = "<group>"; };
		19854831255DB5090083EC5D /* SignalRService.swift */ = {isa = PBXFileReference; fileEncoding = 4; lastKnownFileType = sourcecode.swift; path = SignalRService.swift; sourceTree = "<group>"; };
		19854832255DB5090083EC5D /* KeychainSwiftDistrib.swift */ = {isa = PBXFileReference; fileEncoding = 4; lastKnownFileType = sourcecode.swift; path = KeychainSwiftDistrib.swift; sourceTree = "<group>"; };
		19854833255DB5090083EC5D /* HubSession.swift */ = {isa = PBXFileReference; fileEncoding = 4; lastKnownFileType = sourcecode.swift; path = HubSession.swift; sourceTree = "<group>"; };
		19854834255DB5090083EC5D /* RestAPIResults.swift */ = {isa = PBXFileReference; fileEncoding = 4; lastKnownFileType = sourcecode.swift; path = RestAPIResults.swift; sourceTree = "<group>"; };
		19854844255DB5100083EC5D /* ChatMessage.swift */ = {isa = PBXFileReference; fileEncoding = 4; lastKnownFileType = sourcecode.swift; path = ChatMessage.swift; sourceTree = "<group>"; };
		19854845255DB5100083EC5D /* UserModel.swift */ = {isa = PBXFileReference; fileEncoding = 4; lastKnownFileType = sourcecode.swift; path = UserModel.swift; sourceTree = "<group>"; };
		19854846255DB5100083EC5D /* ChatItem.swift */ = {isa = PBXFileReference; fileEncoding = 4; lastKnownFileType = sourcecode.swift; path = ChatItem.swift; sourceTree = "<group>"; };
		19F60AF125AD45C90077D0D5 /* ContentView.swift */ = {isa = PBXFileReference; lastKnownFileType = sourcecode.swift; path = ContentView.swift; sourceTree = "<group>"; };
		5719AFFD565555281E8664B2 /* Pods_yekeTests.framework */ = {isa = PBXFileReference; explicitFileType = wrapper.framework; includeInIndex = 0; path = Pods_yekeTests.framework; sourceTree = BUILT_PRODUCTS_DIR; };
		62469EBCB341C8B4BC53ADAA /* Pods_yeke_yekeUITests.framework */ = {isa = PBXFileReference; explicitFileType = wrapper.framework; includeInIndex = 0; path = Pods_yeke_yekeUITests.framework; sourceTree = BUILT_PRODUCTS_DIR; };
		63846194DC6B02102736337A /* Pods-yeke.release.xcconfig */ = {isa = PBXFileReference; includeInIndex = 1; lastKnownFileType = text.xcconfig; name = "Pods-yeke.release.xcconfig"; path = "Target Support Files/Pods-yeke/Pods-yeke.release.xcconfig"; sourceTree = "<group>"; };
		7CB36B0AEC6EA1BC3B15FD05 /* Pods_yeke.framework */ = {isa = PBXFileReference; explicitFileType = wrapper.framework; includeInIndex = 0; path = Pods_yeke.framework; sourceTree = BUILT_PRODUCTS_DIR; };
		8B3C29E556B7184DE0B21433 /* Pods-yeke-yekeUITests.debug.xcconfig */ = {isa = PBXFileReference; includeInIndex = 1; lastKnownFileType = text.xcconfig; name = "Pods-yeke-yekeUITests.debug.xcconfig"; path = "Target Support Files/Pods-yeke-yekeUITests/Pods-yeke-yekeUITests.debug.xcconfig"; sourceTree = "<group>"; };
		996763B054319FE23157CCEB /* Pods-yeke.debug.xcconfig */ = {isa = PBXFileReference; includeInIndex = 1; lastKnownFileType = text.xcconfig; name = "Pods-yeke.debug.xcconfig"; path = "Target Support Files/Pods-yeke/Pods-yeke.debug.xcconfig"; sourceTree = "<group>"; };
		9A760779992E44F53CA77158 /* Pods-yekeTests.debug.xcconfig */ = {isa = PBXFileReference; includeInIndex = 1; lastKnownFileType = text.xcconfig; name = "Pods-yekeTests.debug.xcconfig"; path = "Target Support Files/Pods-yekeTests/Pods-yekeTests.debug.xcconfig"; sourceTree = "<group>"; };
		F315411ACFD0CB001D6287D1 /* Pods-yeke-yekeUITests.release.xcconfig */ = {isa = PBXFileReference; includeInIndex = 1; lastKnownFileType = text.xcconfig; name = "Pods-yeke-yekeUITests.release.xcconfig"; path = "Target Support Files/Pods-yeke-yekeUITests/Pods-yeke-yekeUITests.release.xcconfig"; sourceTree = "<group>"; };
/* End PBXFileReference section */

/* Begin PBXFrameworksBuildPhase section */
		198547DC255DB4940083EC5D /* Frameworks */ = {
			isa = PBXFrameworksBuildPhase;
			buildActionMask = 2147483647;
			files = (
				4B4F8E715848D84FF7D4F172 /* Pods_yeke.framework in Frameworks */,
			);
			runOnlyForDeploymentPostprocessing = 0;
		};
		198547F5255DB4950083EC5D /* Frameworks */ = {
			isa = PBXFrameworksBuildPhase;
			buildActionMask = 2147483647;
			files = (
				0FDC307FAF8412BF60A050D6 /* Pods_yekeTests.framework in Frameworks */,
			);
			runOnlyForDeploymentPostprocessing = 0;
		};
		19854800255DB4950083EC5D /* Frameworks */ = {
			isa = PBXFrameworksBuildPhase;
			buildActionMask = 2147483647;
			files = (
				8B8479D1EF44DE1E918BB545 /* Pods_yeke_yekeUITests.framework in Frameworks */,
			);
			runOnlyForDeploymentPostprocessing = 0;
		};
/* End PBXFrameworksBuildPhase section */

/* Begin PBXGroup section */
		198547D6255DB4940083EC5D = {
			isa = PBXGroup;
			children = (
				198547E1255DB4940083EC5D /* yeke */,
				198547FB255DB4950083EC5D /* yekeTests */,
				19854806255DB4950083EC5D /* yekeUITests */,
				198547E0255DB4940083EC5D /* Products */,
				D7F999A3471856DAB084BE04 /* Pods */,
				A6438214DD054A62E841DD17 /* Frameworks */,
			);
			sourceTree = "<group>";
		};
		198547E0255DB4940083EC5D /* Products */ = {
			isa = PBXGroup;
			children = (
				198547DF255DB4940083EC5D /* yeke.app */,
				198547F8255DB4950083EC5D /* yekeTests.xctest */,
				19854803255DB4950083EC5D /* yekeUITests.xctest */,
			);
			name = Products;
			sourceTree = "<group>";
		};
		198547E1255DB4940083EC5D /* yeke */ = {
			isa = PBXGroup;
			children = (
				19854829255DB5090083EC5D /* Shared */,
				19854843255DB5100083EC5D /* Models */,
				198547E2255DB4940083EC5D /* AppDelegate.swift */,
				19F60AF125AD45C90077D0D5 /* ContentView.swift */,
				1985481B255DB4B80083EC5D /* ActionListView.swift */,
				1985481C255DB4B80083EC5D /* ChatListView.swift */,
				19854819255DB4B80083EC5D /* ChatView.swift */,
				1985481A255DB4B80083EC5D /* QRGenerator.swift */,
				198547EB255DB4950083EC5D /* Assets.xcassets */,
				198547F0255DB4950083EC5D /* LaunchScreen.storyboard */,
				198547F3255DB4950083EC5D /* Info.plist */,
				198547ED255DB4950083EC5D /* Preview Content */,
			);
			path = yeke;
			sourceTree = "<group>";
		};
		198547ED255DB4950083EC5D /* Preview Content */ = {
			isa = PBXGroup;
			children = (
				198547EE255DB4950083EC5D /* Preview Assets.xcassets */,
			);
			path = "Preview Content";
			sourceTree = "<group>";
		};
		198547FB255DB4950083EC5D /* yekeTests */ = {
			isa = PBXGroup;
			children = (
				198547FC255DB4950083EC5D /* yekeTests.swift */,
				198547FE255DB4950083EC5D /* Info.plist */,
			);
			path = yekeTests;
			sourceTree = "<group>";
		};
		19854806255DB4950083EC5D /* yekeUITests */ = {
			isa = PBXGroup;
			children = (
				19854807255DB4950083EC5D /* yekeUITests.swift */,
				19854809255DB4950083EC5D /* Info.plist */,
			);
			path = yekeUITests;
			sourceTree = "<group>";
		};
		19854829255DB5090083EC5D /* Shared */ = {
			isa = PBXGroup;
			children = (
				1985482A255DB5090083EC5D /* Session.swift */,
				1985482B255DB5090083EC5D /* ChatModel.swift */,
				1985482C255DB5090083EC5D /* AppHelper.swift */,
				1985482D255DB5090083EC5D /* Array+Identifiable.swift */,
				1985482E255DB5090083EC5D /* NetworkManager.swift */,
				1985482F255DB5090083EC5D /* CodeScanner.swift */,
				19854831255DB5090083EC5D /* SignalRService.swift */,
				19854832255DB5090083EC5D /* KeychainSwiftDistrib.swift */,
				19854833255DB5090083EC5D /* HubSession.swift */,
				19854834255DB5090083EC5D /* RestAPIResults.swift */,
			);
			path = Shared;
			sourceTree = "<group>";
		};
		19854843255DB5100083EC5D /* Models */ = {
			isa = PBXGroup;
			children = (
				19854844255DB5100083EC5D /* ChatMessage.swift */,
				19854845255DB5100083EC5D /* UserModel.swift */,
				19854846255DB5100083EC5D /* ChatItem.swift */,
			);
			path = Models;
			sourceTree = "<group>";
		};
		A6438214DD054A62E841DD17 /* Frameworks */ = {
			isa = PBXGroup;
			children = (
				7CB36B0AEC6EA1BC3B15FD05 /* Pods_yeke.framework */,
				62469EBCB341C8B4BC53ADAA /* Pods_yeke_yekeUITests.framework */,
				5719AFFD565555281E8664B2 /* Pods_yekeTests.framework */,
			);
			name = Frameworks;
			sourceTree = "<group>";
		};
		D7F999A3471856DAB084BE04 /* Pods */ = {
			isa = PBXGroup;
			children = (
				996763B054319FE23157CCEB /* Pods-yeke.debug.xcconfig */,
				63846194DC6B02102736337A /* Pods-yeke.release.xcconfig */,
				8B3C29E556B7184DE0B21433 /* Pods-yeke-yekeUITests.debug.xcconfig */,
				F315411ACFD0CB001D6287D1 /* Pods-yeke-yekeUITests.release.xcconfig */,
				9A760779992E44F53CA77158 /* Pods-yekeTests.debug.xcconfig */,
				0AC94A35CFD50D1C437631F8 /* Pods-yekeTests.release.xcconfig */,
			);
			path = Pods;
			sourceTree = "<group>";
		};
/* End PBXGroup section */

/* Begin PBXNativeTarget section */
		198547DE255DB4940083EC5D /* yeke */ = {
			isa = PBXNativeTarget;
			buildConfigurationList = 1985480C255DB4950083EC5D /* Build configuration list for PBXNativeTarget "yeke" */;
			buildPhases = (
				B5CED1802D96D18F5F644259 /* [CP] Check Pods Manifest.lock */,
				198547DB255DB4940083EC5D /* Sources */,
				198547DC255DB4940083EC5D /* Frameworks */,
				198547DD255DB4940083EC5D /* Resources */,
				D826CD99815DBB80EFC54044 /* [CP] Embed Pods Frameworks */,
			);
			buildRules = (
			);
			dependencies = (
			);
			name = yeke;
			productName = yeke;
			productReference = 198547DF255DB4940083EC5D /* yeke.app */;
			productType = "com.apple.product-type.application";
		};
		198547F7255DB4950083EC5D /* yekeTests */ = {
			isa = PBXNativeTarget;
			buildConfigurationList = 1985480F255DB4950083EC5D /* Build configuration list for PBXNativeTarget "yekeTests" */;
			buildPhases = (
				565A68E2CEE2A1C294B53784 /* [CP] Check Pods Manifest.lock */,
				198547F4255DB4950083EC5D /* Sources */,
				198547F5255DB4950083EC5D /* Frameworks */,
				198547F6255DB4950083EC5D /* Resources */,
			);
			buildRules = (
			);
			dependencies = (
				198547FA255DB4950083EC5D /* PBXTargetDependency */,
			);
			name = yekeTests;
			productName = yekeTests;
			productReference = 198547F8255DB4950083EC5D /* yekeTests.xctest */;
			productType = "com.apple.product-type.bundle.unit-test";
		};
		19854802255DB4950083EC5D /* yekeUITests */ = {
			isa = PBXNativeTarget;
			buildConfigurationList = 19854812255DB4950083EC5D /* Build configuration list for PBXNativeTarget "yekeUITests" */;
			buildPhases = (
				45726523FD7A0B36BF55CB3B /* [CP] Check Pods Manifest.lock */,
				198547FF255DB4950083EC5D /* Sources */,
				19854800255DB4950083EC5D /* Frameworks */,
				19854801255DB4950083EC5D /* Resources */,
				CFCAD9DF538F7AE29919F3FF /* [CP] Embed Pods Frameworks */,
			);
			buildRules = (
			);
			dependencies = (
				19854805255DB4950083EC5D /* PBXTargetDependency */,
			);
			name = yekeUITests;
			productName = yekeUITests;
			productReference = 19854803255DB4950083EC5D /* yekeUITests.xctest */;
			productType = "com.apple.product-type.bundle.ui-testing";
		};
/* End PBXNativeTarget section */

/* Begin PBXProject section */
		198547D7255DB4940083EC5D /* Project object */ = {
			isa = PBXProject;
			attributes = {
				LastSwiftUpdateCheck = 1210;
				LastUpgradeCheck = 1210;
				TargetAttributes = {
					198547DE255DB4940083EC5D = {
						CreatedOnToolsVersion = 12.1;
					};
					198547F7255DB4950083EC5D = {
						CreatedOnToolsVersion = 12.1;
						TestTargetID = 198547DE255DB4940083EC5D;
					};
					19854802255DB4950083EC5D = {
						CreatedOnToolsVersion = 12.1;
						TestTargetID = 198547DE255DB4940083EC5D;
					};
				};
			};
			buildConfigurationList = 198547DA255DB4940083EC5D /* Build configuration list for PBXProject "yeke" */;
			compatibilityVersion = "Xcode 9.3";
			developmentRegion = en;
			hasScannedForEncodings = 0;
			knownRegions = (
				en,
				Base,
			);
			mainGroup = 198547D6255DB4940083EC5D;
			productRefGroup = 198547E0255DB4940083EC5D /* Products */;
			projectDirPath = "";
			projectRoot = "";
			targets = (
				198547DE255DB4940083EC5D /* yeke */,
				198547F7255DB4950083EC5D /* yekeTests */,
				19854802255DB4950083EC5D /* yekeUITests */,
			);
		};
/* End PBXProject section */

/* Begin PBXResourcesBuildPhase section */
		198547DD255DB4940083EC5D /* Resources */ = {
			isa = PBXResourcesBuildPhase;
			buildActionMask = 2147483647;
			files = (
				198547F2255DB4950083EC5D /* LaunchScreen.storyboard in Resources */,
				198547EF255DB4950083EC5D /* Preview Assets.xcassets in Resources */,
				198547EC255DB4950083EC5D /* Assets.xcassets in Resources */,
			);
			runOnlyForDeploymentPostprocessing = 0;
		};
		198547F6255DB4950083EC5D /* Resources */ = {
			isa = PBXResourcesBuildPhase;
			buildActionMask = 2147483647;
			files = (
			);
			runOnlyForDeploymentPostprocessing = 0;
		};
		19854801255DB4950083EC5D /* Resources */ = {
			isa = PBXResourcesBuildPhase;
			buildActionMask = 2147483647;
			files = (
			);
			runOnlyForDeploymentPostprocessing = 0;
		};
/* End PBXResourcesBuildPhase section */

/* Begin PBXShellScriptBuildPhase section */
		45726523FD7A0B36BF55CB3B /* [CP] Check Pods Manifest.lock */ = {
			isa = PBXShellScriptBuildPhase;
			buildActionMask = 2147483647;
			files = (
			);
			inputFileListPaths = (
			);
			inputPaths = (
				"${PODS_PODFILE_DIR_PATH}/Podfile.lock",
				"${PODS_ROOT}/Manifest.lock",
			);
			name = "[CP] Check Pods Manifest.lock";
			outputFileListPaths = (
			);
			outputPaths = (
				"$(DERIVED_FILE_DIR)/Pods-yeke-yekeUITests-checkManifestLockResult.txt",
			);
			runOnlyForDeploymentPostprocessing = 0;
			shellPath = /bin/sh;
			shellScript = "diff \"${PODS_PODFILE_DIR_PATH}/Podfile.lock\" \"${PODS_ROOT}/Manifest.lock\" > /dev/null\nif [ $? != 0 ] ; then\n    # print error to STDERR\n    echo \"error: The sandbox is not in sync with the Podfile.lock. Run 'pod install' or update your CocoaPods installation.\" >&2\n    exit 1\nfi\n# This output is used by Xcode 'outputs' to avoid re-running this script phase.\necho \"SUCCESS\" > \"${SCRIPT_OUTPUT_FILE_0}\"\n";
			showEnvVarsInLog = 0;
		};
		565A68E2CEE2A1C294B53784 /* [CP] Check Pods Manifest.lock */ = {
			isa = PBXShellScriptBuildPhase;
			buildActionMask = 2147483647;
			files = (
			);
			inputFileListPaths = (
			);
			inputPaths = (
				"${PODS_PODFILE_DIR_PATH}/Podfile.lock",
				"${PODS_ROOT}/Manifest.lock",
			);
			name = "[CP] Check Pods Manifest.lock";
			outputFileListPaths = (
			);
			outputPaths = (
				"$(DERIVED_FILE_DIR)/Pods-yekeTests-checkManifestLockResult.txt",
			);
			runOnlyForDeploymentPostprocessing = 0;
			shellPath = /bin/sh;
			shellScript = "diff \"${PODS_PODFILE_DIR_PATH}/Podfile.lock\" \"${PODS_ROOT}/Manifest.lock\" > /dev/null\nif [ $? != 0 ] ; then\n    # print error to STDERR\n    echo \"error: The sandbox is not in sync with the Podfile.lock. Run 'pod install' or update your CocoaPods installation.\" >&2\n    exit 1\nfi\n# This output is used by Xcode 'outputs' to avoid re-running this script phase.\necho \"SUCCESS\" > \"${SCRIPT_OUTPUT_FILE_0}\"\n";
			showEnvVarsInLog = 0;
		};
		B5CED1802D96D18F5F644259 /* [CP] Check Pods Manifest.lock */ = {
			isa = PBXShellScriptBuildPhase;
			buildActionMask = 2147483647;
			files = (
			);
			inputFileListPaths = (
			);
			inputPaths = (
				"${PODS_PODFILE_DIR_PATH}/Podfile.lock",
				"${PODS_ROOT}/Manifest.lock",
			);
			name = "[CP] Check Pods Manifest.lock";
			outputFileListPaths = (
			);
			outputPaths = (
				"$(DERIVED_FILE_DIR)/Pods-yeke-checkManifestLockResult.txt",
			);
			runOnlyForDeploymentPostprocessing = 0;
			shellPath = /bin/sh;
			shellScript = "diff \"${PODS_PODFILE_DIR_PATH}/Podfile.lock\" \"${PODS_ROOT}/Manifest.lock\" > /dev/null\nif [ $? != 0 ] ; then\n    # print error to STDERR\n    echo \"error: The sandbox is not in sync with the Podfile.lock. Run 'pod install' or update your CocoaPods installation.\" >&2\n    exit 1\nfi\n# This output is used by Xcode 'outputs' to avoid re-running this script phase.\necho \"SUCCESS\" > \"${SCRIPT_OUTPUT_FILE_0}\"\n";
			showEnvVarsInLog = 0;
		};
		CFCAD9DF538F7AE29919F3FF /* [CP] Embed Pods Frameworks */ = {
			isa = PBXShellScriptBuildPhase;
			buildActionMask = 2147483647;
			files = (
			);
			inputFileListPaths = (
				"${PODS_ROOT}/Target Support Files/Pods-yeke-yekeUITests/Pods-yeke-yekeUITests-frameworks-${CONFIGURATION}-input-files.xcfilelist",
			);
			name = "[CP] Embed Pods Frameworks";
			outputFileListPaths = (
				"${PODS_ROOT}/Target Support Files/Pods-yeke-yekeUITests/Pods-yeke-yekeUITests-frameworks-${CONFIGURATION}-output-files.xcfilelist",
			);
			runOnlyForDeploymentPostprocessing = 0;
			shellPath = /bin/sh;
			shellScript = "\"${PODS_ROOT}/Target Support Files/Pods-yeke-yekeUITests/Pods-yeke-yekeUITests-frameworks.sh\"\n";
			showEnvVarsInLog = 0;
		};
		D826CD99815DBB80EFC54044 /* [CP] Embed Pods Frameworks */ = {
			isa = PBXShellScriptBuildPhase;
			buildActionMask = 2147483647;
			files = (
			);
			inputFileListPaths = (
				"${PODS_ROOT}/Target Support Files/Pods-yeke/Pods-yeke-frameworks-${CONFIGURATION}-input-files.xcfilelist",
			);
			name = "[CP] Embed Pods Frameworks";
			outputFileListPaths = (
				"${PODS_ROOT}/Target Support Files/Pods-yeke/Pods-yeke-frameworks-${CONFIGURATION}-output-files.xcfilelist",
			);
			runOnlyForDeploymentPostprocessing = 0;
			shellPath = /bin/sh;
			shellScript = "\"${PODS_ROOT}/Target Support Files/Pods-yeke/Pods-yeke-frameworks.sh\"\n";
			showEnvVarsInLog = 0;
		};
/* End PBXShellScriptBuildPhase section */

/* Begin PBXSourcesBuildPhase section */
		198547DB255DB4940083EC5D /* Sources */ = {
			isa = PBXSourcesBuildPhase;
			buildActionMask = 2147483647;
			files = (
				19854836255DB5090083EC5D /* ChatModel.swift in Sources */,
				198547E3255DB4940083EC5D /* AppDelegate.swift in Sources */,
				1985483E255DB5090083EC5D /* HubSession.swift in Sources */,
				19854849255DB5100083EC5D /* ChatItem.swift in Sources */,
				19854839255DB5090083EC5D /* NetworkManager.swift in Sources */,
				19854847255DB5100083EC5D /* ChatMessage.swift in Sources */,
				19F60AF225AD45C90077D0D5 /* ContentView.swift in Sources */,
				19854838255DB5090083EC5D /* Array+Identifiable.swift in Sources */,
				19854823255DB4B80083EC5D /* ChatListView.swift in Sources */,
				1985483C255DB5090083EC5D /* SignalRService.swift in Sources */,
				1985483F255DB5090083EC5D /* RestAPIResults.swift in Sources */,
				19854822255DB4B80083EC5D /* ActionListView.swift in Sources */,
				19854835255DB5090083EC5D /* Session.swift in Sources */,
				19854820255DB4B80083EC5D /* ChatView.swift in Sources */,
				19854837255DB5090083EC5D /* AppHelper.swift in Sources */,
				1985483D255DB5090083EC5D /* KeychainSwiftDistrib.swift in Sources */,
				19854848255DB5100083EC5D /* UserModel.swift in Sources */,
				1985483A255DB5090083EC5D /* CodeScanner.swift in Sources */,
				19854821255DB4B80083EC5D /* QRGenerator.swift in Sources */,
			);
			runOnlyForDeploymentPostprocessing = 0;
		};
		198547F4255DB4950083EC5D /* Sources */ = {
			isa = PBXSourcesBuildPhase;
			buildActionMask = 2147483647;
			files = (
				198547FD255DB4950083EC5D /* yekeTests.swift in Sources */,
			);
			runOnlyForDeploymentPostprocessing = 0;
		};
		198547FF255DB4950083EC5D /* Sources */ = {
			isa = PBXSourcesBuildPhase;
			buildActionMask = 2147483647;
			files = (
				19854808255DB4950083EC5D /* yekeUITests.swift in Sources */,
			);
			runOnlyForDeploymentPostprocessing = 0;
		};
/* End PBXSourcesBuildPhase section */

/* Begin PBXTargetDependency section */
		198547FA255DB4950083EC5D /* PBXTargetDependency */ = {
			isa = PBXTargetDependency;
			target = 198547DE255DB4940083EC5D /* yeke */;
			targetProxy = 198547F9255DB4950083EC5D /* PBXContainerItemProxy */;
		};
		19854805255DB4950083EC5D /* PBXTargetDependency */ = {
			isa = PBXTargetDependency;
			target = 198547DE255DB4940083EC5D /* yeke */;
			targetProxy = 19854804255DB4950083EC5D /* PBXContainerItemProxy */;
		};
/* End PBXTargetDependency section */

/* Begin PBXVariantGroup section */
		198547F0255DB4950083EC5D /* LaunchScreen.storyboard */ = {
			isa = PBXVariantGroup;
			children = (
				198547F1255DB4950083EC5D /* Base */,
			);
			name = LaunchScreen.storyboard;
			sourceTree = "<group>";
		};
/* End PBXVariantGroup section */

/* Begin XCBuildConfiguration section */
		1985480A255DB4950083EC5D /* Debug */ = {
			isa = XCBuildConfiguration;
			buildSettings = {
				ALWAYS_SEARCH_USER_PATHS = NO;
				CLANG_ANALYZER_NONNULL = YES;
				CLANG_ANALYZER_NUMBER_OBJECT_CONVERSION = YES_AGGRESSIVE;
				CLANG_CXX_LANGUAGE_STANDARD = "gnu++14";
				CLANG_CXX_LIBRARY = "libc++";
				CLANG_ENABLE_MODULES = YES;
				CLANG_ENABLE_OBJC_ARC = YES;
				CLANG_ENABLE_OBJC_WEAK = YES;
				CLANG_WARN_BLOCK_CAPTURE_AUTORELEASING = YES;
				CLANG_WARN_BOOL_CONVERSION = YES;
				CLANG_WARN_COMMA = YES;
				CLANG_WARN_CONSTANT_CONVERSION = YES;
				CLANG_WARN_DEPRECATED_OBJC_IMPLEMENTATIONS = YES;
				CLANG_WARN_DIRECT_OBJC_ISA_USAGE = YES_ERROR;
				CLANG_WARN_DOCUMENTATION_COMMENTS = YES;
				CLANG_WARN_EMPTY_BODY = YES;
				CLANG_WARN_ENUM_CONVERSION = YES;
				CLANG_WARN_INFINITE_RECURSION = YES;
				CLANG_WARN_INT_CONVERSION = YES;
				CLANG_WARN_NON_LITERAL_NULL_CONVERSION = YES;
				CLANG_WARN_OBJC_IMPLICIT_RETAIN_SELF = YES;
				CLANG_WARN_OBJC_LITERAL_CONVERSION = YES;
				CLANG_WARN_OBJC_ROOT_CLASS = YES_ERROR;
				CLANG_WARN_QUOTED_INCLUDE_IN_FRAMEWORK_HEADER = YES;
				CLANG_WARN_RANGE_LOOP_ANALYSIS = YES;
				CLANG_WARN_STRICT_PROTOTYPES = YES;
				CLANG_WARN_SUSPICIOUS_MOVE = YES;
				CLANG_WARN_UNGUARDED_AVAILABILITY = YES_AGGRESSIVE;
				CLANG_WARN_UNREACHABLE_CODE = YES;
				CLANG_WARN__DUPLICATE_METHOD_MATCH = YES;
				COPY_PHASE_STRIP = NO;
				DEBUG_INFORMATION_FORMAT = dwarf;
				ENABLE_STRICT_OBJC_MSGSEND = YES;
				ENABLE_TESTABILITY = YES;
				GCC_C_LANGUAGE_STANDARD = gnu11;
				GCC_DYNAMIC_NO_PIC = NO;
				GCC_NO_COMMON_BLOCKS = YES;
				GCC_OPTIMIZATION_LEVEL = 0;
				GCC_PREPROCESSOR_DEFINITIONS = (
					"DEBUG=1",
					"$(inherited)",
				);
				GCC_WARN_64_TO_32_BIT_CONVERSION = YES;
				GCC_WARN_ABOUT_RETURN_TYPE = YES_ERROR;
				GCC_WARN_UNDECLARED_SELECTOR = YES;
				GCC_WARN_UNINITIALIZED_AUTOS = YES_AGGRESSIVE;
				GCC_WARN_UNUSED_FUNCTION = YES;
				GCC_WARN_UNUSED_VARIABLE = YES;
				IPHONEOS_DEPLOYMENT_TARGET = 14.1;
				MTL_ENABLE_DEBUG_INFO = INCLUDE_SOURCE;
				MTL_FAST_MATH = YES;
				ONLY_ACTIVE_ARCH = YES;
				SDKROOT = iphoneos;
				SWIFT_ACTIVE_COMPILATION_CONDITIONS = DEBUG;
				SWIFT_OPTIMIZATION_LEVEL = "-Onone";
			};
			name = Debug;
		};
		1985480B255DB4950083EC5D /* Release */ = {
			isa = XCBuildConfiguration;
			buildSettings = {
				ALWAYS_SEARCH_USER_PATHS = NO;
				CLANG_ANALYZER_NONNULL = YES;
				CLANG_ANALYZER_NUMBER_OBJECT_CONVERSION = YES_AGGRESSIVE;
				CLANG_CXX_LANGUAGE_STANDARD = "gnu++14";
				CLANG_CXX_LIBRARY = "libc++";
				CLANG_ENABLE_MODULES = YES;
				CLANG_ENABLE_OBJC_ARC = YES;
				CLANG_ENABLE_OBJC_WEAK = YES;
				CLANG_WARN_BLOCK_CAPTURE_AUTORELEASING = YES;
				CLANG_WARN_BOOL_CONVERSION = YES;
				CLANG_WARN_COMMA = YES;
				CLANG_WARN_CONSTANT_CONVERSION = YES;
				CLANG_WARN_DEPRECATED_OBJC_IMPLEMENTATIONS = YES;
				CLANG_WARN_DIRECT_OBJC_ISA_USAGE = YES_ERROR;
				CLANG_WARN_DOCUMENTATION_COMMENTS = YES;
				CLANG_WARN_EMPTY_BODY = YES;
				CLANG_WARN_ENUM_CONVERSION = YES;
				CLANG_WARN_INFINITE_RECURSION = YES;
				CLANG_WARN_INT_CONVERSION = YES;
				CLANG_WARN_NON_LITERAL_NULL_CONVERSION = YES;
				CLANG_WARN_OBJC_IMPLICIT_RETAIN_SELF = YES;
				CLANG_WARN_OBJC_LITERAL_CONVERSION = YES;
				CLANG_WARN_OBJC_ROOT_CLASS = YES_ERROR;
				CLANG_WARN_QUOTED_INCLUDE_IN_FRAMEWORK_HEADER = YES;
				CLANG_WARN_RANGE_LOOP_ANALYSIS = YES;
				CLANG_WARN_STRICT_PROTOTYPES = YES;
				CLANG_WARN_SUSPICIOUS_MOVE = YES;
				CLANG_WARN_UNGUARDED_AVAILABILITY = YES_AGGRESSIVE;
				CLANG_WARN_UNREACHABLE_CODE = YES;
				CLANG_WARN__DUPLICATE_METHOD_MATCH = YES;
				COPY_PHASE_STRIP = NO;
				DEBUG_INFORMATION_FORMAT = "dwarf-with-dsym";
				ENABLE_NS_ASSERTIONS = NO;
				ENABLE_STRICT_OBJC_MSGSEND = YES;
				GCC_C_LANGUAGE_STANDARD = gnu11;
				GCC_NO_COMMON_BLOCKS = YES;
				GCC_WARN_64_TO_32_BIT_CONVERSION = YES;
				GCC_WARN_ABOUT_RETURN_TYPE = YES_ERROR;
				GCC_WARN_UNDECLARED_SELECTOR = YES;
				GCC_WARN_UNINITIALIZED_AUTOS = YES_AGGRESSIVE;
				GCC_WARN_UNUSED_FUNCTION = YES;
				GCC_WARN_UNUSED_VARIABLE = YES;
				IPHONEOS_DEPLOYMENT_TARGET = 14.1;
				MTL_ENABLE_DEBUG_INFO = NO;
				MTL_FAST_MATH = YES;
				SDKROOT = iphoneos;
				SWIFT_COMPILATION_MODE = wholemodule;
				SWIFT_OPTIMIZATION_LEVEL = "-O";
				VALIDATE_PRODUCT = YES;
			};
			name = Release;
		};
		1985480D255DB4950083EC5D /* Debug */ = {
			isa = XCBuildConfiguration;
			baseConfigurationReference = 996763B054319FE23157CCEB /* Pods-yeke.debug.xcconfig */;
			buildSettings = {
				ASSETCATALOG_COMPILER_APPICON_NAME = AppIcon;
				ASSETCATALOG_COMPILER_GLOBAL_ACCENT_COLOR_NAME = AccentColor;
				CODE_SIGN_STYLE = Automatic;
				DEVELOPMENT_ASSET_PATHS = "\"yeke/Preview Content\"";
				DEVELOPMENT_TEAM = SF26B434X2;
				ENABLE_PREVIEWS = YES;
				INFOPLIST_FILE = yeke/Info.plist;
				LD_RUNPATH_SEARCH_PATHS = (
					"$(inherited)",
					"@executable_path/Frameworks",
				);
				PRODUCT_BUNDLE_IDENTIFIER = com.minaz.yeke;
				PRODUCT_NAME = "$(TARGET_NAME)";
				SWIFT_VERSION = 5.0;
				TARGETED_DEVICE_FAMILY = "1,2";
			};
			name = Debug;
		};
		1985480E255DB4950083EC5D /* Release */ = {
			isa = XCBuildConfiguration;
			baseConfigurationReference = 63846194DC6B02102736337A /* Pods-yeke.release.xcconfig */;
			buildSettings = {
				ASSETCATALOG_COMPILER_APPICON_NAME = AppIcon;
				ASSETCATALOG_COMPILER_GLOBAL_ACCENT_COLOR_NAME = AccentColor;
				CODE_SIGN_STYLE = Automatic;
				DEVELOPMENT_ASSET_PATHS = "\"yeke/Preview Content\"";
				DEVELOPMENT_TEAM = SF26B434X2;
				ENABLE_PREVIEWS = YES;
				INFOPLIST_FILE = yeke/Info.plist;
				LD_RUNPATH_SEARCH_PATHS = (
					"$(inherited)",
					"@executable_path/Frameworks",
				);
				PRODUCT_BUNDLE_IDENTIFIER = com.minaz.yeke;
				PRODUCT_NAME = "$(TARGET_NAME)";
				SWIFT_VERSION = 5.0;
				TARGETED_DEVICE_FAMILY = "1,2";
			};
			name = Release;
		};
		19854810255DB4950083EC5D /* Debug */ = {
			isa = XCBuildConfiguration;
			baseConfigurationReference = 9A760779992E44F53CA77158 /* Pods-yekeTests.debug.xcconfig */;
			buildSettings = {
				ALWAYS_EMBED_SWIFT_STANDARD_LIBRARIES = YES;
				BUNDLE_LOADER = "$(TEST_HOST)";
				CODE_SIGN_STYLE = Automatic;
				DEVELOPMENT_TEAM = SF26B434X2;
				INFOPLIST_FILE = yekeTests/Info.plist;
				IPHONEOS_DEPLOYMENT_TARGET = 14.1;
				LD_RUNPATH_SEARCH_PATHS = (
					"$(inherited)",
					"@executable_path/Frameworks",
					"@loader_path/Frameworks",
				);
				PRODUCT_BUNDLE_IDENTIFIER = com.minaz.yekeTests;
				PRODUCT_NAME = "$(TARGET_NAME)";
				SWIFT_VERSION = 5.0;
				TARGETED_DEVICE_FAMILY = "1,2";
				TEST_HOST = "$(BUILT_PRODUCTS_DIR)/yeke.app/yeke";
			};
			name = Debug;
		};
		19854811255DB4950083EC5D /* Release */ = {
			isa = XCBuildConfiguration;
			baseConfigurationReference = 0AC94A35CFD50D1C437631F8 /* Pods-yekeTests.release.xcconfig */;
			buildSettings = {
				ALWAYS_EMBED_SWIFT_STANDARD_LIBRARIES = YES;
				BUNDLE_LOADER = "$(TEST_HOST)";
				CODE_SIGN_STYLE = Automatic;
				DEVELOPMENT_TEAM = SF26B434X2;
				INFOPLIST_FILE = yekeTests/Info.plist;
				IPHONEOS_DEPLOYMENT_TARGET = 14.1;
				LD_RUNPATH_SEARCH_PATHS = (
					"$(inherited)",
					"@executable_path/Frameworks",
					"@loader_path/Frameworks",
				);
				PRODUCT_BUNDLE_IDENTIFIER = com.minaz.yekeTests;
				PRODUCT_NAME = "$(TARGET_NAME)";
				SWIFT_VERSION = 5.0;
				TARGETED_DEVICE_FAMILY = "1,2";
				TEST_HOST = "$(BUILT_PRODUCTS_DIR)/yeke.app/yeke";
			};
			name = Release;
		};
		19854813255DB4950083EC5D /* Debug */ = {
			isa = XCBuildConfiguration;
			baseConfigurationReference = 8B3C29E556B7184DE0B21433 /* Pods-yeke-yekeUITests.debug.xcconfig */;
			buildSettings = {
				ALWAYS_EMBED_SWIFT_STANDARD_LIBRARIES = YES;
				CODE_SIGN_STYLE = Automatic;
				DEVELOPMENT_TEAM = SF26B434X2;
				INFOPLIST_FILE = yekeUITests/Info.plist;
				LD_RUNPATH_SEARCH_PATHS = (
					"$(inherited)",
					"@executable_path/Frameworks",
					"@loader_path/Frameworks",
				);
				PRODUCT_BUNDLE_IDENTIFIER = com.minaz.yekeUITests;
				PRODUCT_NAME = "$(TARGET_NAME)";
				SWIFT_VERSION = 5.0;
				TARGETED_DEVICE_FAMILY = "1,2";
				TEST_TARGET_NAME = yeke;
			};
			name = Debug;
		};
		19854814255DB4950083EC5D /* Release */ = {
			isa = XCBuildConfiguration;
			baseConfigurationReference = F315411ACFD0CB001D6287D1 /* Pods-yeke-yekeUITests.release.xcconfig */;
			buildSettings = {
				ALWAYS_EMBED_SWIFT_STANDARD_LIBRARIES = YES;
				CODE_SIGN_STYLE = Automatic;
				DEVELOPMENT_TEAM = SF26B434X2;
				INFOPLIST_FILE = yekeUITests/Info.plist;
				LD_RUNPATH_SEARCH_PATHS = (
					"$(inherited)",
					"@executable_path/Frameworks",
					"@loader_path/Frameworks",
				);
				PRODUCT_BUNDLE_IDENTIFIER = com.minaz.yekeUITests;
				PRODUCT_NAME = "$(TARGET_NAME)";
				SWIFT_VERSION = 5.0;
				TARGETED_DEVICE_FAMILY = "1,2";
				TEST_TARGET_NAME = yeke;
			};
			name = Release;
		};
/* End XCBuildConfiguration section */

/* Begin XCConfigurationList section */
		198547DA255DB4940083EC5D /* Build configuration list for PBXProject "yeke" */ = {
			isa = XCConfigurationList;
			buildConfigurations = (
				1985480A255DB4950083EC5D /* Debug */,
				1985480B255DB4950083EC5D /* Release */,
			);
			defaultConfigurationIsVisible = 0;
			defaultConfigurationName = Release;
		};
		1985480C255DB4950083EC5D /* Build configuration list for PBXNativeTarget "yeke" */ = {
			isa = XCConfigurationList;
			buildConfigurations = (
				1985480D255DB4950083EC5D /* Debug */,
				1985480E255DB4950083EC5D /* Release */,
			);
			defaultConfigurationIsVisible = 0;
			defaultConfigurationName = Release;
		};
		1985480F255DB4950083EC5D /* Build configuration list for PBXNativeTarget "yekeTests" */ = {
			isa = XCConfigurationList;
			buildConfigurations = (
				19854810255DB4950083EC5D /* Debug */,
				19854811255DB4950083EC5D /* Release */,
			);
			defaultConfigurationIsVisible = 0;
			defaultConfigurationName = Release;
		};
		19854812255DB4950083EC5D /* Build configuration list for PBXNativeTarget "yekeUITests" */ = {
			isa = XCConfigurationList;
			buildConfigurations = (
				19854813255DB4950083EC5D /* Debug */,
				19854814255DB4950083EC5D /* Release */,
			);
			defaultConfigurationIsVisible = 0;
			defaultConfigurationName = Release;
		};
/* End XCConfigurationList section */
	};
	rootObject = 198547D7255DB4940083EC5D /* Project object */;
}
